
Microsoft Visual Studio Solution File, Format Version 11.00
# Visual Studio 2010
Project("{FAE04EC0-301F-11D3-BF4B-00C04F79EFBC}") = "TinyTimer", "TinyTimer\TinyTimer.csproj", "{4459CAE9-14A5-4B91-9009-39470E3553F8}"
EndProject
Project("{FAE04EC0-301F-11D3-BF4B-00C04F79EFBC}") = "TinyTimer.Tests", "TinyTimer.Tests\TinyTimer.Tests.csproj", "{69FAF742-61A4-4D83-B759-DF3D449078BE}"
EndProject
Global
	GlobalSection(SolutionConfigurationPlatforms) = preSolution
		Debug|Any CPU = Debug|Any CPU
		Debug|Mixed Platforms = Debug|Mixed Platforms
		Debug|x86 = Debug|x86
		Release|Any CPU = Release|Any CPU
		Release|Mixed Platforms = Release|Mixed Platforms
		Release|x86 = Release|x86
	EndGlobalSection
	GlobalSection(ProjectConfigurationPlatforms) = postSolution
		{4459CAE9-14A5-4B91-9009-39470E3553F8}.Debug|Any CPU.ActiveCfg = Debug|Any CPU
		{4459CAE9-14A5-4B91-9009-39470E3553F8}.Debug|Any CPU.Build.0 = Debug|Any CPU
		{4459CAE9-14A5-4B91-9009-39470E3553F8}.Debug|Mixed Platforms.ActiveCfg = Debug|Any CPU
		{4459CAE9-14A5-4B91-9009-39470E3553F8}.Debug|Mixed Platforms.Build.0 = Debug|Any CPU
		{4459CAE9-14A5-4B91-9009-39470E3553F8}.Debug|x86.ActiveCfg = Debug|Any CPU
		{4459CAE9-14A5-4B91-9009-39470E3553F8}.Release|Any CPU.ActiveCfg = Release|Any CPU
		{4459CAE9-14A5-4B91-9009-39470E3553F8}.Release|Any CPU.Build.0 = Release|Any CPU
		{4459CAE9-14A5-4B91-9009-39470E3553F8}.Release|Mixed Platforms.ActiveCfg = Release|Any CPU
		{4459CAE9-14A5-4B91-9009-39470E3553F8}.Release|Mixed Platforms.Build.0 = Release|Any CPU
		{4459CAE9-14A5-4B91-9009-39470E3553F8}.Release|x86.ActiveCfg = Release|Any CPU
		{69FAF742-61A4-4D83-B759-DF3D449078BE}.Debug|Any CPU.ActiveCfg = Debug|x86
		{69FAF742-61A4-4D83-B759-DF3D449078BE}.Debug|Mixed Platforms.ActiveCfg = Debug|x86
		{69FAF742-61A4-4D83-B759-DF3D449078BE}.Debug|Mixed Platforms.Build.0 = Debug|x86
		{69FAF742-61A4-4D83-B759-DF3D449078BE}.Debug|x86.ActiveCfg = Debug|x86
		{69FAF742-61A4-4D83-B759-DF3D449078BE}.Debug|x86.Build.0 = Debug|x86
		{69FAF742-61A4-4D83-B759-DF3D449078BE}.Release|Any CPU.ActiveCfg = Release|x86
		{69FAF742-61A4-4D83-B759-DF3D449078BE}.Release|Mixed Platforms.ActiveCfg = Release|x86
		{69FAF742-61A4-4D83-B759-DF3D449078BE}.Release|Mixed Platforms.Build.0 = Release|x86
		{69FAF742-61A4-4D83-B759-DF3D449078BE}.Release|x86.ActiveCfg = Release|x86
		{69FAF742-61A4-4D83-B759-DF3D449078BE}.Release|x86.Build.0 = Release|x86
	EndGlobalSection
	GlobalSection(SolutionProperties) = preSolution
		HideSolutionNode = FALSE
	EndGlobalSection
	GlobalSection(ExtensibilityGlobals) = postSolution
		SolutionGuid = cd793b29-442a-4e46-9ed2-dc0a332dd0f8
	EndGlobalSection
EndGlobal
